
Microsoft Visual Studio Solution File, Format Version 12.00
# Visual Studio Version 17
VisualStudioVersion = 17.1.32328.378
MinimumVisualStudioVersion = 10.0.40219.1
Project("{2150E333-8FDC-42A3-9474-1A3956D46DE8}") = "Solution Items", "Solution Items", "{40668581-FADA-41BD-85A2-F17F81BAD901}"
	ProjectSection(SolutionItems) = preProject
		README.md = README.md
	EndProjectSection
EndProject
Project("{FAE04EC0-301F-11D3-BF4B-00C04F79EFBC}") = "TaskBucket.Abstractions", "src\TaskBucket.Abstractions\TaskBucket.Abstractions.csproj", "{E0033328-276B-4EC1-8C39-5FB889BC0A60}"
EndProject
Project("{FAE04EC0-301F-11D3-BF4B-00C04F79EFBC}") = "TaskBucket", "src\TaskBucket\TaskBucket.csproj", "{452DA0E1-5EC4-43D5-A8DD-4F16B8392842}"
EndProject
Project("{FAE04EC0-301F-11D3-BF4B-00C04F79EFBC}") = "TaskBucket.Extensions.AspNetCore", "src\TaskBucket.Extensions.AspNetCore\TaskBucket.Extensions.AspNetCore.csproj", "{265330B2-5F99-471E-9481-7BAC582C927F}"
EndProject
Project("{FAE04EC0-301F-11D3-BF4B-00C04F79EFBC}") = "TaskBucket.Extensions.EntityFrameworkCore", "src\TaskBucket.Extensions.EntityFrameworkCore\TaskBucket.Extensions.EntityFrameworkCore.csproj", "{78E9C573-2B16-459A-9A9E-2AA2C0941130}"
EndProject
Global
	GlobalSection(SolutionConfigurationPlatforms) = preSolution
		Debug|Any CPU = Debug|Any CPU
		Release|Any CPU = Release|Any CPU
	EndGlobalSection
	GlobalSection(ProjectConfigurationPlatforms) = postSolution
		{E0033328-276B-4EC1-8C39-5FB889BC0A60}.Debug|Any CPU.ActiveCfg = Debug|Any CPU
		{E0033328-276B-4EC1-8C39-5FB889BC0A60}.Debug|Any CPU.Build.0 = Debug|Any CPU
		{E0033328-276B-4EC1-8C39-5FB889BC0A60}.Release|Any CPU.ActiveCfg = Release|Any CPU
		{E0033328-276B-4EC1-8C39-5FB889BC0A60}.Release|Any CPU.Build.0 = Release|Any CPU
		{452DA0E1-5EC4-43D5-A8DD-4F16B8392842}.Debug|Any CPU.ActiveCfg = Debug|Any CPU
		{452DA0E1-5EC4-43D5-A8DD-4F16B8392842}.Debug|Any CPU.Build.0 = Debug|Any CPU
		{452DA0E1-5EC4-43D5-A8DD-4F16B8392842}.Release|Any CPU.ActiveCfg = Release|Any CPU
		{452DA0E1-5EC4-43D5-A8DD-4F16B8392842}.Release|Any CPU.Build.0 = Release|Any CPU
		{265330B2-5F99-471E-9481-7BAC582C927F}.Debug|Any CPU.ActiveCfg = Debug|Any CPU
		{265330B2-5F99-471E-9481-7BAC582C927F}.Debug|Any CPU.Build.0 = Debug|Any CPU
		{265330B2-5F99-471E-9481-7BAC582C927F}.Release|Any CPU.ActiveCfg = Release|Any CPU
		{265330B2-5F99-471E-9481-7BAC582C927F}.Release|Any CPU.Build.0 = Release|Any CPU
		{78E9C573-2B16-459A-9A9E-2AA2C0941130}.Debug|Any CPU.ActiveCfg = Debug|Any CPU
		{78E9C573-2B16-459A-9A9E-2AA2C0941130}.Debug|Any CPU.Build.0 = Debug|Any CPU
		{78E9C573-2B16-459A-9A9E-2AA2C0941130}.Release|Any CPU.ActiveCfg = Release|Any CPU
		{78E9C573-2B16-459A-9A9E-2AA2C0941130}.Release|Any CPU.Build.0 = Release|Any CPU
	EndGlobalSection
	GlobalSection(SolutionProperties) = preSolution
		HideSolutionNode = FALSE
	EndGlobalSection
	GlobalSection(ExtensibilityGlobals) = postSolution
		SolutionGuid = {47A842EA-29BC-4918-943D-BB82839041E5}
	EndGlobalSection
EndGlobal
